
Microsoft Visual Studio Solution File, Format Version 12.00
# Visual Studio Version 17
VisualStudioVersion = 17.2.32630.192
MinimumVisualStudioVersion = 10.0.40219.1
Project("{FAE04EC0-301F-11D3-BF4B-00C04F79EFBC}") = "Do_An1", "Do_An1\Do_An1.csproj", "{D9C71628-3D23-423F-B4E4-47115725CFCC}"
EndProject
Global
	GlobalSection(SolutionConfigurationPlatforms) = preSolution
		Debug|Any CPU = Debug|Any CPU
		Release|Any CPU = Release|Any CPU
	EndGlobalSection
	GlobalSection(ProjectConfigurationPlatforms) = postSolution
		{D9C71628-3D23-423F-B4E4-47115725CFCC}.Debug|Any CPU.ActiveCfg = Debug|Any CPU
		{D9C71628-3D23-423F-B4E4-47115725CFCC}.Debug|Any CPU.Build.0 = Debug|Any CPU
		{D9C71628-3D23-423F-B4E4-47115725CFCC}.Release|Any CPU.ActiveCfg = Release|Any CPU
		{D9C71628-3D23-423F-B4E4-47115725CFCC}.Release|Any CPU.Build.0 = Release|Any CPU
	EndGlobalSection
	GlobalSection(SolutionProperties) = preSolution
		HideSolutionNode = FALSE
	EndGlobalSection
	GlobalSection(ExtensibilityGlobals) = postSolution
		SolutionGuid = {E8A703F8-C10A-443C-8CB5-56479DF7FDEA}
	EndGlobalSection
EndGlobal
